
Microsoft Visual Studio Solution File, Format Version 11.00
# Visual Studio 2010
Project("{FAE04EC0-301F-11D3-BF4B-00C04F79EFBC}") = "SubjectNBT", "SubjectNBT\SubjectNBT.csproj", "{D817FD4B-1DA2-4D92-A15B-06543BC52257}"
EndProject
Global
	GlobalSection(SolutionConfigurationPlatforms) = preSolution
		Debug|Any CPU = Debug|Any CPU
		Release|Any CPU = Release|Any CPU
	EndGlobalSection
	GlobalSection(ProjectConfigurationPlatforms) = postSolution
		{D817FD4B-1DA2-4D92-A15B-06543BC52257}.Debug|Any CPU.ActiveCfg = Debug|Any CPU
		{D817FD4B-1DA2-4D92-A15B-06543BC52257}.Debug|Any CPU.Build.0 = Debug|Any CPU
		{D817FD4B-1DA2-4D92-A15B-06543BC52257}.Release|Any CPU.ActiveCfg = Release|Any CPU
		{D817FD4B-1DA2-4D92-A15B-06543BC52257}.Release|Any CPU.Build.0 = Release|Any CPU
	EndGlobalSection
	GlobalSection(MonoDevelopProperties) = preSolution
		StartupItem = SubjectNBT\SubjectNBT.csproj
	EndGlobalSection
EndGlobal
